
Microsoft Visual Studio Solution File, Format Version 12.00
# Visual Studio 15
VisualStudioVersion = 15.0.26730.12
MinimumVisualStudioVersion = 10.0.40219.1
Project("{FAE04EC0-301F-11D3-BF4B-00C04F79EFBC}") = "xblocks", "xblocks\xblocks.csproj", "{61AA47E3-55C4-4AB8-85C2-BBA5EC0E0447}"
EndProject
Global
	GlobalSection(SolutionConfigurationPlatforms) = preSolution
		Debug|Any CPU = Debug|Any CPU
		Release|Any CPU = Release|Any CPU
	EndGlobalSection
	GlobalSection(ProjectConfigurationPlatforms) = postSolution
		{61AA47E3-55C4-4AB8-85C2-BBA5EC0E0447}.Debug|Any CPU.ActiveCfg = Debug|Any CPU
		{61AA47E3-55C4-4AB8-85C2-BBA5EC0E0447}.Debug|Any CPU.Build.0 = Debug|Any CPU
		{61AA47E3-55C4-4AB8-85C2-BBA5EC0E0447}.Release|Any CPU.ActiveCfg = Release|Any CPU
		{61AA47E3-55C4-4AB8-85C2-BBA5EC0E0447}.Release|Any CPU.Build.0 = Release|Any CPU
	EndGlobalSection
	GlobalSection(SolutionProperties) = preSolution
		HideSolutionNode = FALSE
	EndGlobalSection
	GlobalSection(ExtensibilityGlobals) = postSolution
		SolutionGuid = {B7798904-BCBC-4B0A-B3D0-079F8679731A}
	EndGlobalSection
EndGlobal
